{
    "_meta": {
        "hash": {
            "sha256": "13eeb7e6c7f179540439371b02e9aab6eb9abd18989429497d9d2f544218b7b6"
        },
        "pipfile-spec": 6,
        "requires": {
            "python_version": "3.5"
        },
        "sources": [
            {
                "name": "pypi",
                "url": "https://pypi.org/simple",
                "verify_ssl": true
            }
        ]
    },
    "default": {
        "certifi": {
            "hashes": [
                "sha256:339dc09518b07e2fa7eda5450740925974815557727d6bd35d319c1524a04a4c",
                "sha256:6d58c986d22b038c8c0df30d639f23a3e6d172a05c3583e766f4c0b785c0986a"
            ],
            "version": "==2018.10.15"
        },
        "chardet": {
            "hashes": [
                "sha256:84ab92ed1c4d4f16916e05906b6b75a6c0fb5db821cc65e70cbd64a3e2a5eaae",
                "sha256:fc323ffcaeaed0e0a02bf4d117757b98aed530d9ed4531e3e15460124c106691"
            ],
            "version": "==3.0.4"
        },
        "crypto": {
            "hashes": [
                "sha256:8f2ee9756a0265c18845ac097ae447c75cfbde158abe1361b7491619f866a9bd",
                "sha256:985120aa86f71545388199f96a2a0e00f7ccfe5ecd14c56355eb399e1a63d164"
            ],
            "index": "pypi",
            "version": "==1.4.1"
        },
        "idna": {
            "hashes": [
                "sha256:156a6814fb5ac1fc6850fb002e0852d56c0c8d2531923a51032d1b70760e186e",
                "sha256:684a38a6f903c1d71d6d5fac066b58d7768af4de2b832e426ec79c30daa94a16"
            ],
            "version": "==2.7"
        },
        "naked": {
            "hashes": [
                "sha256:12b76b8a14595d07039422f1d2219ca8fbef8b237f9cdf5d8e947c03e148677e",
                "sha256:19de9961f4edb29e75cf837e8e031d6b52fbba4f0033515893d26f69c74b3b1f"
            ],
            "version": "==0.1.31"
        },
        "netfilterqueue": {
            "hashes": [
                "sha256:beda851dfb8f3199f716e246c4cfd2c8492f7cdce32a03613c7eeab152e0a4a6"
            ],
            "index": "pypi",
            "version": "==0.8.1"
        },
        "pycrypt": {
            "hashes": [
                "sha256:045e8150f1603215bee3ad3768e475ab8ed92c2304b4fa87d1f1eb2a30157269",
                "sha256:052742df74906fdc7c1e6cd6aa4d78d11838be0d644086d5ea9982dab1ce606c",
                "sha256:0cc538caac5fa26f9cffd5357cddd04ca882673f8c15a856c7b52c55285ad7ca",
                "sha256:11e8886ad883f8d34e83c6b2e9f19265246a085950d71aafa772693cfbfd16f6",
                "sha256:1e6ed73e10bc453affdfac07ea798423dd4893c45e026f7d75729ea365596300",
                "sha256:296a19adeb07e3ef884b2e92c57e9f03fb70d58be7867cc1e27ec58825503cc9",
                "sha256:2da1034642e63c27a318500dc1d923e8f3e364fc54eccbc31b36c5e3225ee66f",
                "sha256:3622fa994b4725c82a10ca71d65d41e07c9dd6738137991dcb8752a0eca85fc4",
                "sha256:37582ef2c7a565dc96d582c917b207a7bc564e2676bb8720e7677b6e98a29f17",
                "sha256:3f2cf74c3705f29a6c332151af031a00056a8b1caf8b1c8644fa867b081ffaa1",
                "sha256:54d11d48ee408f084beb30e227ca9a469f6a6664034d046e5d27887bafbd37b7",
                "sha256:56fb089d6fc520f27c6cfa990268cf503ae17d95b8fcb50807dfb2932ec52ea8",
                "sha256:58c7c76b8b2917957d21cfe195c430c2fb476d67846aba0f12d3d1688a3c8c72",
                "sha256:689b78f0291bdcc8070d29eb13c0b39c3076c8c3011f505f0d1ec22dadaca75a",
                "sha256:69ba5bf3049b186fa2265c201a8f7f7bc91d6a3fb20cd39df976a3dfc10530b7",
                "sha256:6ea3bab06e3fd441973ac7b1271d7ec9cba917e30050e7a1038908aa74364c74",
                "sha256:776ac9e66b4a55c958201631a2330c43f2499b5a2e38bdddc2b2850b02d1248a",
                "sha256:833e69d7c52d18e0e705e5b2d40615e9133b1d067aa073c62e71c1a1b323ff15",
                "sha256:8cb6dadd9e2640af654b590165037633132849b239746b92c624ff98ef7da9c6",
                "sha256:99cf2b4cd2571df27d2f4f2a44d772deb2b0a0b2300d4a7ee2f540f5d05d57bd",
                "sha256:a025199109ec5204d9aa639c90df7748dbdb96794eca90d718ceb03cfeb7873d",
                "sha256:a9df64bab63d2533ad1daacd1e0ddb22e9494b4898e253925b1a9a187cdc3950",
                "sha256:baa88d1f7842a5f1ec8bdf333ce4c7fcf91745c086af866f48ad22c5fc9070a2",
                "sha256:bf00c329490ecc7da5f5d12d4d93331092d03ddc3bf834f751c40d294eb3eeca",
                "sha256:c1e2c1c30772452340239b78cef3f89cc79d06a7078e664868b9cdd4c015ed46",
                "sha256:c3cc0396990f8777e2e1a9f4fff8ead07857ce8eea40f2a90f695a046e20113c",
                "sha256:c97176fb2e0bfd8c353fdeabfcf1af42f9270818c75546118c1eab65e254eb10",
                "sha256:cf023b5ef2382d8387d72e36294580805ec241e593350ffccc6f2814f45885e3",
                "sha256:d08fdb71f1232dcf368ab33f18b8875210a4b884dd0420ab7f4b5fca6b3165ba",
                "sha256:d1ed311a7b6e4dcc1975d031940cc4ab55daa630e18e5ccff4bcf489a02a5cd8",
                "sha256:d4383eac385188a13bc27c2829335c66a22439ab5b5b7775ed27805f3b164a8e",
                "sha256:d68692b62d496169f82bbeabe37ca0a8f26f1ff1c96ea6eac3a32a3fd20aece0",
                "sha256:dd9cbfd1f1216545fd52ff75c6dc1a3473c27fdcee329aed9553c4cb1b296b74",
                "sha256:e301151e0088ead30fe6b4c71d5b5d897ee7062de2e133cd01185b52a268f615",
                "sha256:f84ebeebe49661bd435f12e92f64e1d341e248b9b0bc23c1b8209c8dd8167f36",
                "sha256:f8fc55984614cb6dd3b0e7a0947283e7e43117ce9cb869d7b6be9843ddd5cca4"
            ],
            "index": "pypi",
            "version": "==0.7.2"
        },
        "pyyaml": {
            "hashes": [
                "sha256:3d7da3009c0f3e783b2c873687652d83b1bbfd5c88e9813fb7e5b03c0dd3108b",
                "sha256:3ef3092145e9b70e3ddd2c7ad59bdd0252a94dfe3949721633e41344de00a6bf",
                "sha256:40c71b8e076d0550b2e6380bada1f1cd1017b882f7e16f09a65be98e017f211a",
                "sha256:558dd60b890ba8fd982e05941927a3911dc409a63dcb8b634feaa0cda69330d3",
                "sha256:a7c28b45d9f99102fa092bb213aa12e0aaf9a6a1f5e395d36166639c1f96c3a1",
                "sha256:aa7dd4a6a427aed7df6fb7f08a580d68d9b118d90310374716ae90b710280af1",
                "sha256:bc558586e6045763782014934bfaf39d48b8ae85a2713117d16c39864085c613",
                "sha256:d46d7982b62e0729ad0175a9bc7e10a566fc07b224d2c79fafb5e032727eaa04",
                "sha256:d5eef459e30b09f5a098b9cea68bebfeb268697f78d647bd255a085371ac7f3f",
                "sha256:e01d3203230e1786cd91ccfdc8f8454c8069c91bee3962ad93b87a4b2860f537",
                "sha256:e170a9e6fcfd19021dd29845af83bb79236068bf5fd4df3327c1be18182b2531"
            ],
            "version": "==3.13"
        },
        "requests": {
            "hashes": [
                "sha256:65b3a120e4329e33c9889db89c80976c5272f56ea92d3e74da8a463992e3ff54",
                "sha256:ea881206e59f41dbd0bd445437d792e43906703fff75ca8ff43ccdb11f33f263"
            ],
            "version": "==2.20.1"
        },
        "scapy": {
            "hashes": [
                "sha256:452f714f5c2eac6fd0a6146b1dbddfc24dd5f4103f3ed76227995a488cfb2b73"
            ],
            "index": "pypi",
            "version": "==2.4.0"
        },
        "shellescape": {
            "hashes": [
                "sha256:3ff2aeb6ce2c5a4e6059fe4a2a745a824f5a3834fe8365a39c5ea691073cfdb6",
                "sha256:e618b2bc13f2553315ca1669995dc10fcc2cae5f1e0fda49035ef02d56f0b358"
            ],
            "version": "==3.4.1"
        },
        "urllib3": {
            "hashes": [
                "sha256:61bf29cada3fc2fbefad4fdf059ea4bd1b4a86d2b6d15e1c7c0b582b9752fe39",
                "sha256:de9529817c93f27c8ccbfead6985011db27bd0ddfcdb2d86f3f663385c6a9c22"
            ],
            "version": "==1.24.1"
        }
    },
    "develop": {}
}
