{
    "_meta": {
        "hash": {
            "sha256": "13eeb7e6c7f179540439371b02e9aab6eb9abd18989429497d9d2f544218b7b6"
        },
        "pipfile-spec": 6,
        "requires": {
            "python_version": "3.5"
        },
        "sources": [
            {
                "name": "pypi",
                "url": "https://pypi.org/simple",
                "verify_ssl": true
            }
        ]
    },
    "default": {
        "certifi": {
            "hashes": [
                "sha256:2bbf76fd432960138b3ef6dda3dde0544f27cbf8546c458e60baf371917ba9ee",
                "sha256:50b1e4f8446b06f41be7dd6338db18e0990601dce795c2b1686458aa7e8fa7d8"
            ],
            "version": "==2021.5.30"
        },
        "chardet": {
            "hashes": [
                "sha256:0d6f53a15db4120f2b08c94f11e7d93d2c911ee118b6b30a04ec3ee8310179fa",
                "sha256:f864054d66fd9118f2e67044ac8981a54775ec5b67aed0441892edb553d21da5"
            ],
            "version": "==4.0.0"
        },
        "crypto": {
            "hashes": [
                "sha256:8f2ee9756a0265c18845ac097ae447c75cfbde158abe1361b7491619f866a9bd",
                "sha256:985120aa86f71545388199f96a2a0e00f7ccfe5ecd14c56355eb399e1a63d164"
            ],
            "index": "pypi",
            "version": "==1.4.1"
        },
        "idna": {
            "hashes": [
                "sha256:b307872f855b18632ce0c21c5e45be78c0ea7ae4c15c828c20788b26921eb3f6",
                "sha256:b97d804b1e9b523befed77c48dacec60e6dcb0b5391d57af6a65a312a90648c0"
            ],
            "version": "==2.10"
        },
        "naked": {
            "hashes": [
                "sha256:12b76b8a14595d07039422f1d2219ca8fbef8b237f9cdf5d8e947c03e148677e",
                "sha256:19de9961f4edb29e75cf837e8e031d6b52fbba4f0033515893d26f69c74b3b1f"
            ],
            "version": "==0.1.31"
        },
        "netfilterqueue": {
            "hashes": [
                "sha256:beda851dfb8f3199f716e246c4cfd2c8492f7cdce32a03613c7eeab152e0a4a6"
            ],
            "index": "pypi",
            "version": "==0.8.1"
        },
        "pycrypt": {
            "hashes": [
                "sha256:045e8150f1603215bee3ad3768e475ab8ed92c2304b4fa87d1f1eb2a30157269",
                "sha256:052742df74906fdc7c1e6cd6aa4d78d11838be0d644086d5ea9982dab1ce606c",
                "sha256:0cc538caac5fa26f9cffd5357cddd04ca882673f8c15a856c7b52c55285ad7ca",
                "sha256:11e8886ad883f8d34e83c6b2e9f19265246a085950d71aafa772693cfbfd16f6",
                "sha256:1e6ed73e10bc453affdfac07ea798423dd4893c45e026f7d75729ea365596300",
                "sha256:296a19adeb07e3ef884b2e92c57e9f03fb70d58be7867cc1e27ec58825503cc9",
                "sha256:2da1034642e63c27a318500dc1d923e8f3e364fc54eccbc31b36c5e3225ee66f",
                "sha256:3622fa994b4725c82a10ca71d65d41e07c9dd6738137991dcb8752a0eca85fc4",
                "sha256:37582ef2c7a565dc96d582c917b207a7bc564e2676bb8720e7677b6e98a29f17",
                "sha256:3f2cf74c3705f29a6c332151af031a00056a8b1caf8b1c8644fa867b081ffaa1",
                "sha256:54d11d48ee408f084beb30e227ca9a469f6a6664034d046e5d27887bafbd37b7",
                "sha256:56fb089d6fc520f27c6cfa990268cf503ae17d95b8fcb50807dfb2932ec52ea8",
                "sha256:58c7c76b8b2917957d21cfe195c430c2fb476d67846aba0f12d3d1688a3c8c72",
                "sha256:689b78f0291bdcc8070d29eb13c0b39c3076c8c3011f505f0d1ec22dadaca75a",
                "sha256:69ba5bf3049b186fa2265c201a8f7f7bc91d6a3fb20cd39df976a3dfc10530b7",
                "sha256:6ea3bab06e3fd441973ac7b1271d7ec9cba917e30050e7a1038908aa74364c74",
                "sha256:776ac9e66b4a55c958201631a2330c43f2499b5a2e38bdddc2b2850b02d1248a",
                "sha256:833e69d7c52d18e0e705e5b2d40615e9133b1d067aa073c62e71c1a1b323ff15",
                "sha256:8cb6dadd9e2640af654b590165037633132849b239746b92c624ff98ef7da9c6",
                "sha256:99cf2b4cd2571df27d2f4f2a44d772deb2b0a0b2300d4a7ee2f540f5d05d57bd",
                "sha256:a025199109ec5204d9aa639c90df7748dbdb96794eca90d718ceb03cfeb7873d",
                "sha256:a9df64bab63d2533ad1daacd1e0ddb22e9494b4898e253925b1a9a187cdc3950",
                "sha256:baa88d1f7842a5f1ec8bdf333ce4c7fcf91745c086af866f48ad22c5fc9070a2",
                "sha256:bf00c329490ecc7da5f5d12d4d93331092d03ddc3bf834f751c40d294eb3eeca",
                "sha256:c1e2c1c30772452340239b78cef3f89cc79d06a7078e664868b9cdd4c015ed46",
                "sha256:c3cc0396990f8777e2e1a9f4fff8ead07857ce8eea40f2a90f695a046e20113c",
                "sha256:c97176fb2e0bfd8c353fdeabfcf1af42f9270818c75546118c1eab65e254eb10",
                "sha256:cf023b5ef2382d8387d72e36294580805ec241e593350ffccc6f2814f45885e3",
                "sha256:d08fdb71f1232dcf368ab33f18b8875210a4b884dd0420ab7f4b5fca6b3165ba",
                "sha256:d1ed311a7b6e4dcc1975d031940cc4ab55daa630e18e5ccff4bcf489a02a5cd8",
                "sha256:d4383eac385188a13bc27c2829335c66a22439ab5b5b7775ed27805f3b164a8e",
                "sha256:d68692b62d496169f82bbeabe37ca0a8f26f1ff1c96ea6eac3a32a3fd20aece0",
                "sha256:dd9cbfd1f1216545fd52ff75c6dc1a3473c27fdcee329aed9553c4cb1b296b74",
                "sha256:e301151e0088ead30fe6b4c71d5b5d897ee7062de2e133cd01185b52a268f615",
                "sha256:f84ebeebe49661bd435f12e92f64e1d341e248b9b0bc23c1b8209c8dd8167f36",
                "sha256:f8fc55984614cb6dd3b0e7a0947283e7e43117ce9cb869d7b6be9843ddd5cca4"
            ],
            "index": "pypi",
            "version": "==0.7.2"
        },
        "pyyaml": {
            "hashes": [
                "sha256:06a0d7ba600ce0b2d2fe2e78453a470b5a6e000a985dd4a4e54e436cc36b0e97",
                "sha256:240097ff019d7c70a4922b6869d8a86407758333f02203e0fc6ff79c5dcede76",
                "sha256:4f4b913ca1a7319b33cfb1369e91e50354d6f07a135f3b901aca02aa95940bd2",
                "sha256:6034f55dab5fea9e53f436aa68fa3ace2634918e8b5994d82f3621c04ff5ed2e",
                "sha256:69f00dca373f240f842b2931fb2c7e14ddbacd1397d57157a9b005a6a9942648",
                "sha256:73f099454b799e05e5ab51423c7bcf361c58d3206fa7b0d555426b1f4d9a3eaf",
                "sha256:74809a57b329d6cc0fdccee6318f44b9b8649961fa73144a98735b0aaf029f1f",
                "sha256:7739fc0fa8205b3ee8808aea45e968bc90082c10aef6ea95e855e10abf4a37b2",
                "sha256:95f71d2af0ff4227885f7a6605c37fd53d3a106fcab511b8860ecca9fcf400ee",
                "sha256:ad9c67312c84def58f3c04504727ca879cb0013b2517c85a9a253f0cb6380c0a",
                "sha256:b8eac752c5e14d3eca0e6dd9199cd627518cb5ec06add0de9d32baeee6fe645d",
                "sha256:cc8955cfbfc7a115fa81d85284ee61147059a753344bc51098f3ccd69b0d7e0c",
                "sha256:d13155f591e6fcc1ec3b30685d50bf0711574e2c0dfffd7644babf8b5102ca1a"
            ],
            "version": "==5.3.1"
        },
        "requests": {
            "hashes": [
                "sha256:27973dd4a904a4f13b263a19c866c13b92a39ed1c964655f025f3f8d3d75b804",
                "sha256:c210084e36a42ae6b9219e00e48287def368a26d03a048ddad7bfee44f75871e"
            ],
            "version": "==2.25.1"
        },
        "scapy": {
            "hashes": [
                "sha256:452f714f5c2eac6fd0a6146b1dbddfc24dd5f4103f3ed76227995a488cfb2b73"
            ],
            "index": "pypi",
            "version": "==2.4.0"
        },
        "shellescape": {
            "hashes": [
                "sha256:40b310b30479be771bf3ab28bd8d40753778488bd46ea0969ba0b35038c3ec26",
                "sha256:f17127e390fa3f9aaa80c69c16ea73615fd9b5318fd8309c1dca6168ae7d85bf"
            ],
            "version": "==3.8.1"
        },
        "urllib3": {
            "hashes": [
                "sha256:753a0374df26658f99d826cfe40394a686d05985786d946fbe4165b5148f5a7c",
                "sha256:a7acd0977125325f516bda9735fa7142b909a8d01e8b2e4c8108d0984e6e0098"
            ],
            "index": "pypi",
            "version": "==1.26.5"
        }
    },
    "develop": {}
}
